// !$*UTF8*$!
{
	archiveVersion = 1;
	classes = {
	};
	objectVersion = 56;
	objects = {

/* Begin PBXBuildFile section */
		E213B7782A9B79AF0017F5F8 /* Candy+CoreDataClass.swift in Sources */ = {isa = PBXBuildFile; fileRef = E213B7742A9B79AF0017F5F8 /* Candy+CoreDataClass.swift */; };
		E213B7792A9B79AF0017F5F8 /* Candy+CoreDataProperties.swift in Sources */ = {isa = PBXBuildFile; fileRef = E213B7752A9B79AF0017F5F8 /* Candy+CoreDataProperties.swift */; };
		E213B77A2A9B79AF0017F5F8 /* Country+CoreDataClass.swift in Sources */ = {isa = PBXBuildFile; fileRef = E213B7762A9B79AF0017F5F8 /* Country+CoreDataClass.swift */; };
		E213B77B2A9B79AF0017F5F8 /* Country+CoreDataProperties.swift in Sources */ = {isa = PBXBuildFile; fileRef = E213B7772A9B79AF0017F5F8 /* Country+CoreDataProperties.swift */; };
		E2652B992A965F0E00AFD989 /* CoreDataProjectApp.swift in Sources */ = {isa = PBXBuildFile; fileRef = E2652B982A965F0E00AFD989 /* CoreDataProjectApp.swift */; };
		E2652B9B2A965F0E00AFD989 /* ContentView.swift in Sources */ = {isa = PBXBuildFile; fileRef = E2652B9A2A965F0E00AFD989 /* ContentView.swift */; };
		E2652B9D2A965F0F00AFD989 /* Assets.xcassets in Resources */ = {isa = PBXBuildFile; fileRef = E2652B9C2A965F0F00AFD989 /* Assets.xcassets */; };
		E2652BA02A965F0F00AFD989 /* Preview Assets.xcassets in Resources */ = {isa = PBXBuildFile; fileRef = E2652B9F2A965F0F00AFD989 /* Preview Assets.xcassets */; };
		E2652BAA2A965F0F00AFD989 /* CoreDataProjectTests.swift in Sources */ = {isa = PBXBuildFile; fileRef = E2652BA92A965F0F00AFD989 /* CoreDataProjectTests.swift */; };
		E2652BB42A965F0F00AFD989 /* CoreDataProjectUITests.swift in Sources */ = {isa = PBXBuildFile; fileRef = E2652BB32A965F0F00AFD989 /* CoreDataProjectUITests.swift */; };
		E2652BB62A965F0F00AFD989 /* CoreDataProjectUITestsLaunchTests.swift in Sources */ = {isa = PBXBuildFile; fileRef = E2652BB52A965F0F00AFD989 /* CoreDataProjectUITestsLaunchTests.swift */; };
		E2B1C70F2A9706230029493D /* CoreDataProject.xcdatamodeld in Sources */ = {isa = PBXBuildFile; fileRef = E2B1C70D2A9706230029493D /* CoreDataProject.xcdatamodeld */; };
		E2B1C7152A971A470029493D /* DataController.swift in Sources */ = {isa = PBXBuildFile; fileRef = E2B1C7142A971A470029493D /* DataController.swift */; };
/* End PBXBuildFile section */

/* Begin PBXContainerItemProxy section */
		E2652BA62A965F0F00AFD989 /* PBXContainerItemProxy */ = {
			isa = PBXContainerItemProxy;
			containerPortal = E2652B8D2A965F0E00AFD989 /* Project object */;
			proxyType = 1;
			remoteGlobalIDString = E2652B942A965F0E00AFD989;
			remoteInfo = CoreDataProject;
		};
		E2652BB02A965F0F00AFD989 /* PBXContainerItemProxy */ = {
			isa = PBXContainerItemProxy;
			containerPortal = E2652B8D2A965F0E00AFD989 /* Project object */;
			proxyType = 1;
			remoteGlobalIDString = E2652B942A965F0E00AFD989;
			remoteInfo = CoreDataProject;
		};
/* End PBXContainerItemProxy section */

/* Begin PBXFileReference section */
		E213B7742A9B79AF0017F5F8 /* Candy+CoreDataClass.swift */ = {isa = PBXFileReference; lastKnownFileType = sourcecode.swift; path = "Candy+CoreDataClass.swift"; sourceTree = "<group>"; };
		E213B7752A9B79AF0017F5F8 /* Candy+CoreDataProperties.swift */ = {isa = PBXFileReference; lastKnownFileType = sourcecode.swift; path = "Candy+CoreDataProperties.swift"; sourceTree = "<group>"; };
		E213B7762A9B79AF0017F5F8 /* Country+CoreDataClass.swift */ = {isa = PBXFileReference; lastKnownFileType = sourcecode.swift; path = "Country+CoreDataClass.swift"; sourceTree = "<group>"; };
		E213B7772A9B79AF0017F5F8 /* Country+CoreDataProperties.swift */ = {isa = PBXFileReference; lastKnownFileType = sourcecode.swift; path = "Country+CoreDataProperties.swift"; sourceTree = "<group>"; };
		E2652B952A965F0E00AFD989 /* CoreDataProject.app */ = {isa = PBXFileReference; explicitFileType = wrapper.application; includeInIndex = 0; path = CoreDataProject.app; sourceTree = BUILT_PRODUCTS_DIR; };
		E2652B982A965F0E00AFD989 /* CoreDataProjectApp.swift */ = {isa = PBXFileReference; lastKnownFileType = sourcecode.swift; path = CoreDataProjectApp.swift; sourceTree = "<group>"; };
		E2652B9A2A965F0E00AFD989 /* ContentView.swift */ = {isa = PBXFileReference; lastKnownFileType = sourcecode.swift; path = ContentView.swift; sourceTree = "<group>"; };
		E2652B9C2A965F0F00AFD989 /* Assets.xcassets */ = {isa = PBXFileReference; lastKnownFileType = folder.assetcatalog; path = Assets.xcassets; sourceTree = "<group>"; };
		E2652B9F2A965F0F00AFD989 /* Preview Assets.xcassets */ = {isa = PBXFileReference; lastKnownFileType = folder.assetcatalog; path = "Preview Assets.xcassets"; sourceTree = "<group>"; };
		E2652BA52A965F0F00AFD989 /* CoreDataProjectTests.xctest */ = {isa = PBXFileReference; explicitFileType = wrapper.cfbundle; includeInIndex = 0; path = CoreDataProjectTests.xctest; sourceTree = BUILT_PRODUCTS_DIR; };
		E2652BA92A965F0F00AFD989 /* CoreDataProjectTests.swift */ = {isa = PBXFileReference; lastKnownFileType = sourcecode.swift; path = CoreDataProjectTests.swift; sourceTree = "<group>"; };
		E2652BAF2A965F0F00AFD989 /* CoreDataProjectUITests.xctest */ = {isa = PBXFileReference; explicitFileType = wrapper.cfbundle; includeInIndex = 0; path = CoreDataProjectUITests.xctest; sourceTree = BUILT_PRODUCTS_DIR; };
		E2652BB32A965F0F00AFD989 /* CoreDataProjectUITests.swift */ = {isa = PBXFileReference; lastKnownFileType = sourcecode.swift; path = CoreDataProjectUITests.swift; sourceTree = "<group>"; };
		E2652BB52A965F0F00AFD989 /* CoreDataProjectUITestsLaunchTests.swift */ = {isa = PBXFileReference; lastKnownFileType = sourcecode.swift; path = CoreDataProjectUITestsLaunchTests.swift; sourceTree = "<group>"; };
		E2B1C70E2A9706230029493D /* CoreDataProject.xcdatamodel */ = {isa = PBXFileReference; lastKnownFileType = wrapper.xcdatamodel; path = CoreDataProject.xcdatamodel; sourceTree = "<group>"; };
		E2B1C7142A971A470029493D /* DataController.swift */ = {isa = PBXFileReference; lastKnownFileType = sourcecode.swift; path = DataController.swift; sourceTree = "<group>"; };
/* End PBXFileReference section */

/* Begin PBXFrameworksBuildPhase section */
		E2652B922A965F0E00AFD989 /* Frameworks */ = {
			isa = PBXFrameworksBuildPhase;
			buildActionMask = 2147483647;
			files = (
			);
			runOnlyForDeploymentPostprocessing = 0;
		};
		E2652BA22A965F0F00AFD989 /* Frameworks */ = {
			isa = PBXFrameworksBuildPhase;
			buildActionMask = 2147483647;
			files = (
			);
			runOnlyForDeploymentPostprocessing = 0;
		};
		E2652BAC2A965F0F00AFD989 /* Frameworks */ = {
			isa = PBXFrameworksBuildPhase;
			buildActionMask = 2147483647;
			files = (
			);
			runOnlyForDeploymentPostprocessing = 0;
		};
/* End PBXFrameworksBuildPhase section */

/* Begin PBXGroup section */
		E2652B8C2A965F0E00AFD989 = {
			isa = PBXGroup;
			children = (
				E2652B972A965F0E00AFD989 /* CoreDataProject */,
				E2652BA82A965F0F00AFD989 /* CoreDataProjectTests */,
				E2652BB22A965F0F00AFD989 /* CoreDataProjectUITests */,
				E2652B962A965F0E00AFD989 /* Products */,
			);
			sourceTree = "<group>";
		};
		E2652B962A965F0E00AFD989 /* Products */ = {
			isa = PBXGroup;
			children = (
				E2652B952A965F0E00AFD989 /* CoreDataProject.app */,
				E2652BA52A965F0F00AFD989 /* CoreDataProjectTests.xctest */,
				E2652BAF2A965F0F00AFD989 /* CoreDataProjectUITests.xctest */,
			);
			name = Products;
			sourceTree = "<group>";
		};
		E2652B972A965F0E00AFD989 /* CoreDataProject */ = {
			isa = PBXGroup;
			children = (
				E213B7742A9B79AF0017F5F8 /* Candy+CoreDataClass.swift */,
				E213B7752A9B79AF0017F5F8 /* Candy+CoreDataProperties.swift */,
				E213B7762A9B79AF0017F5F8 /* Country+CoreDataClass.swift */,
				E213B7772A9B79AF0017F5F8 /* Country+CoreDataProperties.swift */,
				E2652B982A965F0E00AFD989 /* CoreDataProjectApp.swift */,
				E2B1C7142A971A470029493D /* DataController.swift */,
				E2652B9A2A965F0E00AFD989 /* ContentView.swift */,
				E2B1C70D2A9706230029493D /* CoreDataProject.xcdatamodeld */,
				E2652B9C2A965F0F00AFD989 /* Assets.xcassets */,
				E2652B9E2A965F0F00AFD989 /* Preview Content */,
			);
			path = CoreDataProject;
			sourceTree = "<group>";
		};
		E2652B9E2A965F0F00AFD989 /* Preview Content */ = {
			isa = PBXGroup;
			children = (
				E2652B9F2A965F0F00AFD989 /* Preview Assets.xcassets */,
			);
			path = "Preview Content";
			sourceTree = "<group>";
		};
		E2652BA82A965F0F00AFD989 /* CoreDataProjectTests */ = {
			isa = PBXGroup;
			children = (
				E2652BA92A965F0F00AFD989 /* CoreDataProjectTests.swift */,
			);
			path = CoreDataProjectTests;
			sourceTree = "<group>";
		};
		E2652BB22A965F0F00AFD989 /* CoreDataProjectUITests */ = {
			isa = PBXGroup;
			children = (
				E2652BB32A965F0F00AFD989 /* CoreDataProjectUITests.swift */,
				E2652BB52A965F0F00AFD989 /* CoreDataProjectUITestsLaunchTests.swift */,
			);
			path = CoreDataProjectUITests;
			sourceTree = "<group>";
		};
/* End PBXGroup section */

/* Begin PBXNativeTarget section */
		E2652B942A965F0E00AFD989 /* CoreDataProject */ = {
			isa = PBXNativeTarget;
			buildConfigurationList = E2652BB92A965F0F00AFD989 /* Build configuration list for PBXNativeTarget "CoreDataProject" */;
			buildPhases = (
				E2652B912A965F0E00AFD989 /* Sources */,
				E2652B922A965F0E00AFD989 /* Frameworks */,
				E2652B932A965F0E00AFD989 /* Resources */,
			);
			buildRules = (
			);
			dependencies = (
			);
			name = CoreDataProject;
			productName = CoreDataProject;
			productReference = E2652B952A965F0E00AFD989 /* CoreDataProject.app */;
			productType = "com.apple.product-type.application";
		};
		E2652BA42A965F0F00AFD989 /* CoreDataProjectTests */ = {
			isa = PBXNativeTarget;
			buildConfigurationList = E2652BBC2A965F0F00AFD989 /* Build configuration list for PBXNativeTarget "CoreDataProjectTests" */;
			buildPhases = (
				E2652BA12A965F0F00AFD989 /* Sources */,
				E2652BA22A965F0F00AFD989 /* Frameworks */,
				E2652BA32A965F0F00AFD989 /* Resources */,
			);
			buildRules = (
			);
			dependencies = (
				E2652BA72A965F0F00AFD989 /* PBXTargetDependency */,
			);
			name = CoreDataProjectTests;
			productName = CoreDataProjectTests;
			productReference = E2652BA52A965F0F00AFD989 /* CoreDataProjectTests.xctest */;
			productType = "com.apple.product-type.bundle.unit-test";
		};
		E2652BAE2A965F0F00AFD989 /* CoreDataProjectUITests */ = {
			isa = PBXNativeTarget;
			buildConfigurationList = E2652BBF2A965F0F00AFD989 /* Build configuration list for PBXNativeTarget "CoreDataProjectUITests" */;
			buildPhases = (
				E2652BAB2A965F0F00AFD989 /* Sources */,
				E2652BAC2A965F0F00AFD989 /* Frameworks */,
				E2652BAD2A965F0F00AFD989 /* Resources */,
			);
			buildRules = (
			);
			dependencies = (
				E2652BB12A965F0F00AFD989 /* PBXTargetDependency */,
			);
			name = CoreDataProjectUITests;
			productName = CoreDataProjectUITests;
			productReference = E2652BAF2A965F0F00AFD989 /* CoreDataProjectUITests.xctest */;
			productType = "com.apple.product-type.bundle.ui-testing";
		};
/* End PBXNativeTarget section */

/* Begin PBXProject section */
		E2652B8D2A965F0E00AFD989 /* Project object */ = {
			isa = PBXProject;
			attributes = {
				BuildIndependentTargetsInParallel = 1;
				LastSwiftUpdateCheck = 1430;
				LastUpgradeCheck = 1430;
				TargetAttributes = {
					E2652B942A965F0E00AFD989 = {
						CreatedOnToolsVersion = 14.3.1;
					};
					E2652BA42A965F0F00AFD989 = {
						CreatedOnToolsVersion = 14.3.1;
						TestTargetID = E2652B942A965F0E00AFD989;
					};
					E2652BAE2A965F0F00AFD989 = {
						CreatedOnToolsVersion = 14.3.1;
						TestTargetID = E2652B942A965F0E00AFD989;
					};
				};
			};
			buildConfigurationList = E2652B902A965F0E00AFD989 /* Build configuration list for PBXProject "CoreDataProject" */;
			compatibilityVersion = "Xcode 14.0";
			developmentRegion = en;
			hasScannedForEncodings = 0;
			knownRegions = (
				en,
				Base,
			);
			mainGroup = E2652B8C2A965F0E00AFD989;
			productRefGroup = E2652B962A965F0E00AFD989 /* Products */;
			projectDirPath = "";
			projectRoot = "";
			targets = (
				E2652B942A965F0E00AFD989 /* CoreDataProject */,
				E2652BA42A965F0F00AFD989 /* CoreDataProjectTests */,
				E2652BAE2A965F0F00AFD989 /* CoreDataProjectUITests */,
			);
		};
/* End PBXProject section */

/* Begin PBXResourcesBuildPhase section */
		E2652B932A965F0E00AFD989 /* Resources */ = {
			isa = PBXResourcesBuildPhase;
			buildActionMask = 2147483647;
			files = (
				E2652BA02A965F0F00AFD989 /* Preview Assets.xcassets in Resources */,
				E2652B9D2A965F0F00AFD989 /* Assets.xcassets in Resources */,
			);
			runOnlyForDeploymentPostprocessing = 0;
		};
		E2652BA32A965F0F00AFD989 /* Resources */ = {
			isa = PBXResourcesBuildPhase;
			buildActionMask = 2147483647;
			files = (
			);
			runOnlyForDeploymentPostprocessing = 0;
		};
		E2652BAD2A965F0F00AFD989 /* Resources */ = {
			isa = PBXResourcesBuildPhase;
			buildActionMask = 2147483647;
			files = (
			);
			runOnlyForDeploymentPostprocessing = 0;
		};
/* End PBXResourcesBuildPhase section */

/* Begin PBXSourcesBuildPhase section */
		E2652B912A965F0E00AFD989 /* Sources */ = {
			isa = PBXSourcesBuildPhase;
			buildActionMask = 2147483647;
			files = (
				E2652B9B2A965F0E00AFD989 /* ContentView.swift in Sources */,
				E213B7782A9B79AF0017F5F8 /* Candy+CoreDataClass.swift in Sources */,
				E2B1C7152A971A470029493D /* DataController.swift in Sources */,
				E213B7792A9B79AF0017F5F8 /* Candy+CoreDataProperties.swift in Sources */,
				E213B77B2A9B79AF0017F5F8 /* Country+CoreDataProperties.swift in Sources */,
				E213B77A2A9B79AF0017F5F8 /* Country+CoreDataClass.swift in Sources */,
				E2652B992A965F0E00AFD989 /* CoreDataProjectApp.swift in Sources */,
				E2B1C70F2A9706230029493D /* CoreDataProject.xcdatamodeld in Sources */,
			);
			runOnlyForDeploymentPostprocessing = 0;
		};
		E2652BA12A965F0F00AFD989 /* Sources */ = {
			isa = PBXSourcesBuildPhase;
			buildActionMask = 2147483647;
			files = (
				E2652BAA2A965F0F00AFD989 /* CoreDataProjectTests.swift in Sources */,
			);
			runOnlyForDeploymentPostprocessing = 0;
		};
		E2652BAB2A965F0F00AFD989 /* Sources */ = {
			isa = PBXSourcesBuildPhase;
			buildActionMask = 2147483647;
			files = (
				E2652BB42A965F0F00AFD989 /* CoreDataProjectUITests.swift in Sources */,
				E2652BB62A965F0F00AFD989 /* CoreDataProjectUITestsLaunchTests.swift in Sources */,
			);
			runOnlyForDeploymentPostprocessing = 0;
		};
/* End PBXSourcesBuildPhase section */

/* Begin PBXTargetDependency section */
		E2652BA72A965F0F00AFD989 /* PBXTargetDependency */ = {
			isa = PBXTargetDependency;
			target = E2652B942A965F0E00AFD989 /* CoreDataProject */;
			targetProxy = E2652BA62A965F0F00AFD989 /* PBXContainerItemProxy */;
		};
		E2652BB12A965F0F00AFD989 /* PBXTargetDependency */ = {
			isa = PBXTargetDependency;
			target = E2652B942A965F0E00AFD989 /* CoreDataProject */;
			targetProxy = E2652BB02A965F0F00AFD989 /* PBXContainerItemProxy */;
		};
/* End PBXTargetDependency section */

/* Begin XCBuildConfiguration section */
		E2652BB72A965F0F00AFD989 /* Debug */ = {
			isa = XCBuildConfiguration;
			buildSettings = {
				ALWAYS_SEARCH_USER_PATHS = NO;
				CLANG_ANALYZER_NONNULL = YES;
				CLANG_ANALYZER_NUMBER_OBJECT_CONVERSION = YES_AGGRESSIVE;
				CLANG_CXX_LANGUAGE_STANDARD = "gnu++20";
				CLANG_ENABLE_MODULES = YES;
				CLANG_ENABLE_OBJC_ARC = YES;
				CLANG_ENABLE_OBJC_WEAK = YES;
				CLANG_WARN_BLOCK_CAPTURE_AUTORELEASING = YES;
				CLANG_WARN_BOOL_CONVERSION = YES;
				CLANG_WARN_COMMA = YES;
				CLANG_WARN_CONSTANT_CONVERSION = YES;
				CLANG_WARN_DEPRECATED_OBJC_IMPLEMENTATIONS = YES;
				CLANG_WARN_DIRECT_OBJC_ISA_USAGE = YES_ERROR;
				CLANG_WARN_DOCUMENTATION_COMMENTS = YES;
				CLANG_WARN_EMPTY_BODY = YES;
				CLANG_WARN_ENUM_CONVERSION = YES;
				CLANG_WARN_INFINITE_RECURSION = YES;
				CLANG_WARN_INT_CONVERSION = YES;
				CLANG_WARN_NON_LITERAL_NULL_CONVERSION = YES;
				CLANG_WARN_OBJC_IMPLICIT_RETAIN_SELF = YES;
				CLANG_WARN_OBJC_LITERAL_CONVERSION = YES;
				CLANG_WARN_OBJC_ROOT_CLASS = YES_ERROR;
				CLANG_WARN_QUOTED_INCLUDE_IN_FRAMEWORK_HEADER = YES;
				CLANG_WARN_RANGE_LOOP_ANALYSIS = YES;
				CLANG_WARN_STRICT_PROTOTYPES = YES;
				CLANG_WARN_SUSPICIOUS_MOVE = YES;
				CLANG_WARN_UNGUARDED_AVAILABILITY = YES_AGGRESSIVE;
				CLANG_WARN_UNREACHABLE_CODE = YES;
				CLANG_WARN__DUPLICATE_METHOD_MATCH = YES;
				COPY_PHASE_STRIP = NO;
				DEBUG_INFORMATION_FORMAT = dwarf;
				ENABLE_STRICT_OBJC_MSGSEND = YES;
				ENABLE_TESTABILITY = YES;
				GCC_C_LANGUAGE_STANDARD = gnu11;
				GCC_DYNAMIC_NO_PIC = NO;
				GCC_NO_COMMON_BLOCKS = YES;
				GCC_OPTIMIZATION_LEVEL = 0;
				GCC_PREPROCESSOR_DEFINITIONS = (
					"DEBUG=1",
					"$(inherited)",
				);
				GCC_WARN_64_TO_32_BIT_CONVERSION = YES;
				GCC_WARN_ABOUT_RETURN_TYPE = YES_ERROR;
				GCC_WARN_UNDECLARED_SELECTOR = YES;
				GCC_WARN_UNINITIALIZED_AUTOS = YES_AGGRESSIVE;
				GCC_WARN_UNUSED_FUNCTION = YES;
				GCC_WARN_UNUSED_VARIABLE = YES;
				IPHONEOS_DEPLOYMENT_TARGET = 16.4;
				MTL_ENABLE_DEBUG_INFO = INCLUDE_SOURCE;
				MTL_FAST_MATH = YES;
				ONLY_ACTIVE_ARCH = YES;
				SDKROOT = iphoneos;
				SWIFT_ACTIVE_COMPILATION_CONDITIONS = DEBUG;
				SWIFT_OPTIMIZATION_LEVEL = "-Onone";
			};
			name = Debug;
		};
		E2652BB82A965F0F00AFD989 /* Release */ = {
			isa = XCBuildConfiguration;
			buildSettings = {
				ALWAYS_SEARCH_USER_PATHS = NO;
				CLANG_ANALYZER_NONNULL = YES;
				CLANG_ANALYZER_NUMBER_OBJECT_CONVERSION = YES_AGGRESSIVE;
				CLANG_CXX_LANGUAGE_STANDARD = "gnu++20";
				CLANG_ENABLE_MODULES = YES;
				CLANG_ENABLE_OBJC_ARC = YES;
				CLANG_ENABLE_OBJC_WEAK = YES;
				CLANG_WARN_BLOCK_CAPTURE_AUTORELEASING = YES;
				CLANG_WARN_BOOL_CONVERSION = YES;
				CLANG_WARN_COMMA = YES;
				CLANG_WARN_CONSTANT_CONVERSION = YES;
				CLANG_WARN_DEPRECATED_OBJC_IMPLEMENTATIONS = YES;
				CLANG_WARN_DIRECT_OBJC_ISA_USAGE = YES_ERROR;
				CLANG_WARN_DOCUMENTATION_COMMENTS = YES;
				CLANG_WARN_EMPTY_BODY = YES;
				CLANG_WARN_ENUM_CONVERSION = YES;
				CLANG_WARN_INFINITE_RECURSION = YES;
				CLANG_WARN_INT_CONVERSION = YES;
				CLANG_WARN_NON_LITERAL_NULL_CONVERSION = YES;
				CLANG_WARN_OBJC_IMPLICIT_RETAIN_SELF = YES;
				CLANG_WARN_OBJC_LITERAL_CONVERSION = YES;
				CLANG_WARN_OBJC_ROOT_CLASS = YES_ERROR;
				CLANG_WARN_QUOTED_INCLUDE_IN_FRAMEWORK_HEADER = YES;
				CLANG_WARN_RANGE_LOOP_ANALYSIS = YES;
				CLANG_WARN_STRICT_PROTOTYPES = YES;
				CLANG_WARN_SUSPICIOUS_MOVE = YES;
				CLANG_WARN_UNGUARDED_AVAILABILITY = YES_AGGRESSIVE;
				CLANG_WARN_UNREACHABLE_CODE = YES;
				CLANG_WARN__DUPLICATE_METHOD_MATCH = YES;
				COPY_PHASE_STRIP = NO;
				DEBUG_INFORMATION_FORMAT = "dwarf-with-dsym";
				ENABLE_NS_ASSERTIONS = NO;
				ENABLE_STRICT_OBJC_MSGSEND = YES;
				GCC_C_LANGUAGE_STANDARD = gnu11;
				GCC_NO_COMMON_BLOCKS = YES;
				GCC_WARN_64_TO_32_BIT_CONVERSION = YES;
				GCC_WARN_ABOUT_RETURN_TYPE = YES_ERROR;
				GCC_WARN_UNDECLARED_SELECTOR = YES;
				GCC_WARN_UNINITIALIZED_AUTOS = YES_AGGRESSIVE;
				GCC_WARN_UNUSED_FUNCTION = YES;
				GCC_WARN_UNUSED_VARIABLE = YES;
				IPHONEOS_DEPLOYMENT_TARGET = 16.4;
				MTL_ENABLE_DEBUG_INFO = NO;
				MTL_FAST_MATH = YES;
				SDKROOT = iphoneos;
				SWIFT_COMPILATION_MODE = wholemodule;
				SWIFT_OPTIMIZATION_LEVEL = "-O";
				VALIDATE_PRODUCT = YES;
			};
			name = Release;
		};
		E2652BBA2A965F0F00AFD989 /* Debug */ = {
			isa = XCBuildConfiguration;
			buildSettings = {
				ASSETCATALOG_COMPILER_APPICON_NAME = AppIcon;
				ASSETCATALOG_COMPILER_GLOBAL_ACCENT_COLOR_NAME = AccentColor;
				CODE_SIGN_STYLE = Automatic;
				CURRENT_PROJECT_VERSION = 1;
				DEVELOPMENT_ASSET_PATHS = "\"CoreDataProject/Preview Content\"";
				DEVELOPMENT_TEAM = 49JL8262M2;
				ENABLE_PREVIEWS = YES;
				GENERATE_INFOPLIST_FILE = YES;
				INFOPLIST_KEY_UIApplicationSceneManifest_Generation = YES;
				INFOPLIST_KEY_UIApplicationSupportsIndirectInputEvents = YES;
				INFOPLIST_KEY_UILaunchScreen_Generation = YES;
				INFOPLIST_KEY_UISupportedInterfaceOrientations_iPad = "UIInterfaceOrientationPortrait UIInterfaceOrientationPortraitUpsideDown UIInterfaceOrientationLandscapeLeft UIInterfaceOrientationLandscapeRight";
				INFOPLIST_KEY_UISupportedInterfaceOrientations_iPhone = "UIInterfaceOrientationPortrait UIInterfaceOrientationLandscapeLeft UIInterfaceOrientationLandscapeRight";
				LD_RUNPATH_SEARCH_PATHS = (
					"$(inherited)",
					"@executable_path/Frameworks",
				);
				MARKETING_VERSION = 1.0;
				PRODUCT_BUNDLE_IDENTIFIER = works.prakhartrivedi.CoreDataProject;
				PRODUCT_NAME = "$(TARGET_NAME)";
				SWIFT_EMIT_LOC_STRINGS = YES;
				SWIFT_VERSION = 5.0;
				TARGETED_DEVICE_FAMILY = "1,2";
			};
			name = Debug;
		};
		E2652BBB2A965F0F00AFD989 /* Release */ = {
			isa = XCBuildConfiguration;
			buildSettings = {
				ASSETCATALOG_COMPILER_APPICON_NAME = AppIcon;
				ASSETCATALOG_COMPILER_GLOBAL_ACCENT_COLOR_NAME = AccentColor;
				CODE_SIGN_STYLE = Automatic;
				CURRENT_PROJECT_VERSION = 1;
				DEVELOPMENT_ASSET_PATHS = "\"CoreDataProject/Preview Content\"";
				DEVELOPMENT_TEAM = 49JL8262M2;
				ENABLE_PREVIEWS = YES;
				GENERATE_INFOPLIST_FILE = YES;
				INFOPLIST_KEY_UIApplicationSceneManifest_Generation = YES;
				INFOPLIST_KEY_UIApplicationSupportsIndirectInputEvents = YES;
				INFOPLIST_KEY_UILaunchScreen_Generation = YES;
				INFOPLIST_KEY_UISupportedInterfaceOrientations_iPad = "UIInterfaceOrientationPortrait UIInterfaceOrientationPortraitUpsideDown UIInterfaceOrientationLandscapeLeft UIInterfaceOrientationLandscapeRight";
				INFOPLIST_KEY_UISupportedInterfaceOrientations_iPhone = "UIInterfaceOrientationPortrait UIInterfaceOrientationLandscapeLeft UIInterfaceOrientationLandscapeRight";
				LD_RUNPATH_SEARCH_PATHS = (
					"$(inherited)",
					"@executable_path/Frameworks",
				);
				MARKETING_VERSION = 1.0;
				PRODUCT_BUNDLE_IDENTIFIER = works.prakhartrivedi.CoreDataProject;
				PRODUCT_NAME = "$(TARGET_NAME)";
				SWIFT_EMIT_LOC_STRINGS = YES;
				SWIFT_VERSION = 5.0;
				TARGETED_DEVICE_FAMILY = "1,2";
			};
			name = Release;
		};
		E2652BBD2A965F0F00AFD989 /* Debug */ = {
			isa = XCBuildConfiguration;
			buildSettings = {
				ALWAYS_EMBED_SWIFT_STANDARD_LIBRARIES = YES;
				BUNDLE_LOADER = "$(TEST_HOST)";
				CODE_SIGN_STYLE = Automatic;
				CURRENT_PROJECT_VERSION = 1;
				DEVELOPMENT_TEAM = 49JL8262M2;
				GENERATE_INFOPLIST_FILE = YES;
				IPHONEOS_DEPLOYMENT_TARGET = 16.4;
				MARKETING_VERSION = 1.0;
				PRODUCT_BUNDLE_IDENTIFIER = works.prakhartrivedi.CoreDataProjectTests;
				PRODUCT_NAME = "$(TARGET_NAME)";
				SWIFT_EMIT_LOC_STRINGS = NO;
				SWIFT_VERSION = 5.0;
				TARGETED_DEVICE_FAMILY = "1,2";
				TEST_HOST = "$(BUILT_PRODUCTS_DIR)/CoreDataProject.app/$(BUNDLE_EXECUTABLE_FOLDER_PATH)/CoreDataProject";
			};
			name = Debug;
		};
		E2652BBE2A965F0F00AFD989 /* Release */ = {
			isa = XCBuildConfiguration;
			buildSettings = {
				ALWAYS_EMBED_SWIFT_STANDARD_LIBRARIES = YES;
				BUNDLE_LOADER = "$(TEST_HOST)";
				CODE_SIGN_STYLE = Automatic;
				CURRENT_PROJECT_VERSION = 1;
				DEVELOPMENT_TEAM = 49JL8262M2;
				GENERATE_INFOPLIST_FILE = YES;
				IPHONEOS_DEPLOYMENT_TARGET = 16.4;
				MARKETING_VERSION = 1.0;
				PRODUCT_BUNDLE_IDENTIFIER = works.prakhartrivedi.CoreDataProjectTests;
				PRODUCT_NAME = "$(TARGET_NAME)";
				SWIFT_EMIT_LOC_STRINGS = NO;
				SWIFT_VERSION = 5.0;
				TARGETED_DEVICE_FAMILY = "1,2";
				TEST_HOST = "$(BUILT_PRODUCTS_DIR)/CoreDataProject.app/$(BUNDLE_EXECUTABLE_FOLDER_PATH)/CoreDataProject";
			};
			name = Release;
		};
		E2652BC02A965F0F00AFD989 /* Debug */ = {
			isa = XCBuildConfiguration;
			buildSettings = {
				ALWAYS_EMBED_SWIFT_STANDARD_LIBRARIES = YES;
				CODE_SIGN_STYLE = Automatic;
				CURRENT_PROJECT_VERSION = 1;
				DEVELOPMENT_TEAM = 49JL8262M2;
				GENERATE_INFOPLIST_FILE = YES;
				MARKETING_VERSION = 1.0;
				PRODUCT_BUNDLE_IDENTIFIER = works.prakhartrivedi.CoreDataProjectUITests;
				PRODUCT_NAME = "$(TARGET_NAME)";
				SWIFT_EMIT_LOC_STRINGS = NO;
				SWIFT_VERSION = 5.0;
				TARGETED_DEVICE_FAMILY = "1,2";
				TEST_TARGET_NAME = CoreDataProject;
			};
			name = Debug;
		};
		E2652BC12A965F0F00AFD989 /* Release */ = {
			isa = XCBuildConfiguration;
			buildSettings = {
				ALWAYS_EMBED_SWIFT_STANDARD_LIBRARIES = YES;
				CODE_SIGN_STYLE = Automatic;
				CURRENT_PROJECT_VERSION = 1;
				DEVELOPMENT_TEAM = 49JL8262M2;
				GENERATE_INFOPLIST_FILE = YES;
				MARKETING_VERSION = 1.0;
				PRODUCT_BUNDLE_IDENTIFIER = works.prakhartrivedi.CoreDataProjectUITests;
				PRODUCT_NAME = "$(TARGET_NAME)";
				SWIFT_EMIT_LOC_STRINGS = NO;
				SWIFT_VERSION = 5.0;
				TARGETED_DEVICE_FAMILY = "1,2";
				TEST_TARGET_NAME = CoreDataProject;
			};
			name = Release;
		};
/* End XCBuildConfiguration section */

/* Begin XCConfigurationList section */
		E2652B902A965F0E00AFD989 /* Build configuration list for PBXProject "CoreDataProject" */ = {
			isa = XCConfigurationList;
			buildConfigurations = (
				E2652BB72A965F0F00AFD989 /* Debug */,
				E2652BB82A965F0F00AFD989 /* Release */,
			);
			defaultConfigurationIsVisible = 0;
			defaultConfigurationName = Release;
		};
		E2652BB92A965F0F00AFD989 /* Build configuration list for PBXNativeTarget "CoreDataProject" */ = {
			isa = XCConfigurationList;
			buildConfigurations = (
				E2652BBA2A965F0F00AFD989 /* Debug */,
				E2652BBB2A965F0F00AFD989 /* Release */,
			);
			defaultConfigurationIsVisible = 0;
			defaultConfigurationName = Release;
		};
		E2652BBC2A965F0F00AFD989 /* Build configuration list for PBXNativeTarget "CoreDataProjectTests" */ = {
			isa = XCConfigurationList;
			buildConfigurations = (
				E2652BBD2A965F0F00AFD989 /* Debug */,
				E2652BBE2A965F0F00AFD989 /* Release */,
			);
			defaultConfigurationIsVisible = 0;
			defaultConfigurationName = Release;
		};
		E2652BBF2A965F0F00AFD989 /* Build configuration list for PBXNativeTarget "CoreDataProjectUITests" */ = {
			isa = XCConfigurationList;
			buildConfigurations = (
				E2652BC02A965F0F00AFD989 /* Debug */,
				E2652BC12A965F0F00AFD989 /* Release */,
			);
			defaultConfigurationIsVisible = 0;
			defaultConfigurationName = Release;
		};
/* End XCConfigurationList section */

/* Begin XCVersionGroup section */
		E2B1C70D2A9706230029493D /* CoreDataProject.xcdatamodeld */ = {
			isa = XCVersionGroup;
			children = (
				E2B1C70E2A9706230029493D /* CoreDataProject.xcdatamodel */,
			);
			currentVersion = E2B1C70E2A9706230029493D /* CoreDataProject.xcdatamodel */;
			path = CoreDataProject.xcdatamodeld;
			sourceTree = "<group>";
			versionGroupType = wrapper.xcdatamodel;
		};
/* End XCVersionGroup section */
	};
	rootObject = E2652B8D2A965F0E00AFD989 /* Project object */;
}
